
Microsoft Visual Studio Solution File, Format Version 12.00
# Visual Studio Version 17
VisualStudioVersion = 17.8.34330.188
MinimumVisualStudioVersion = 10.0.40219.1
Project("{FAE04EC0-301F-11D3-BF4B-00C04F79EFBC}") = "ConsoleApp3", "ConsoleApp3\ConsoleApp3.csproj", "{97D3B677-6308-46C6-B40D-2DEF5FE3FDB7}"
EndProject
Global
	GlobalSection(SolutionConfigurationPlatforms) = preSolution
		Debug|Any CPU = Debug|Any CPU
		Release|Any CPU = Release|Any CPU
	EndGlobalSection
	GlobalSection(ProjectConfigurationPlatforms) = postSolution
		{97D3B677-6308-46C6-B40D-2DEF5FE3FDB7}.Debug|Any CPU.ActiveCfg = Debug|Any CPU
		{97D3B677-6308-46C6-B40D-2DEF5FE3FDB7}.Debug|Any CPU.Build.0 = Debug|Any CPU
		{97D3B677-6308-46C6-B40D-2DEF5FE3FDB7}.Release|Any CPU.ActiveCfg = Release|Any CPU
		{97D3B677-6308-46C6-B40D-2DEF5FE3FDB7}.Release|Any CPU.Build.0 = Release|Any CPU
	EndGlobalSection
	GlobalSection(SolutionProperties) = preSolution
		HideSolutionNode = FALSE
	EndGlobalSection
	GlobalSection(ExtensibilityGlobals) = postSolution
		SolutionGuid = {3BE1D3BE-3A4A-4A60-8662-A49E62508F02}
	EndGlobalSection
EndGlobal
